
Microsoft Visual Studio Solution File, Format Version 12.00
# Visual Studio Version 16
VisualStudioVersion = 16.0.29411.108
MinimumVisualStudioVersion = 10.0.40219.1
Project("{9A19103F-16F7-4668-BE54-9A1E7A4F7556}") = "WXQ.BusinessCore", "WXQ.BusinessCore\WXQ.BusinessCore.csproj", "{2B87E8DA-DAC3-4621-81C5-998D7A2B976A}"
EndProject
Project("{9A19103F-16F7-4668-BE54-9A1E7A4F7556}") = "WXQ.Enties", "WXQ.Enties\WXQ.Enties.csproj", "{F4075B02-A066-496C-A81F-E468E825ECD3}"
EndProject
Project("{9A19103F-16F7-4668-BE54-9A1E7A4F7556}") = "WXQ.InOutPutEntites", "WXQ.InOutPutEntites\WXQ.InOutPutEntites.csproj", "{F8FA5E6F-961A-4E85-A960-7C9B94A1D248}"
EndProject
Project("{9A19103F-16F7-4668-BE54-9A1E7A4F7556}") = "WebApi", "WebApi\WebApi.csproj", "{BC5C806A-BF54-46C8-824D-B445014A9866}"
EndProject
Project("{9A19103F-16F7-4668-BE54-9A1E7A4F7556}") = "Common", "Common\Common.csproj", "{02F9B82B-7E52-4945-9E21-9DABB061A1BF}"
EndProject
Project("{9A19103F-16F7-4668-BE54-9A1E7A4F7556}") = "WXQCaching", "WXQCaching\WXQCaching.csproj", "{4F2ACBC1-2C20-4C4A-A8BE-62A7F81DEA92}"
EndProject
Project("{9A19103F-16F7-4668-BE54-9A1E7A4F7556}") = "WXQ.WebSocket", "WXQ.WebSocket\WXQ.WebSocket.csproj", "{D49E752F-1F35-4EF1-B99B-5D5872A7807A}"
EndProject
Project("{9A19103F-16F7-4668-BE54-9A1E7A4F7556}") = "GrpcServer", "GrpcServer\GrpcServer.csproj", "{DB737A14-2883-4F47-B9C9-DD97BA1989CB}"
EndProject
Project("{9A19103F-16F7-4668-BE54-9A1E7A4F7556}") = "GrpcClient", "GrpcClient\GrpcClient.csproj", "{AFCA370E-075C-41D5-9F85-6D0802F6D321}"
EndProject
Project("{9A19103F-16F7-4668-BE54-9A1E7A4F7556}") = "newliftapiserver", "newliftapiserver\newliftapiserver.csproj", "{D0428323-F261-4590-8F8A-4482790A34CE}"
EndProject
Project("{9A19103F-16F7-4668-BE54-9A1E7A4F7556}") = "newlifeapiclient", "newlifeapiclient\newlifeapiclient.csproj", "{B77C3FB5-9ECB-4414-BF62-3EE646E27045}"
EndProject
Project("{9A19103F-16F7-4668-BE54-9A1E7A4F7556}") = "WebApplication1", "WebApplication1\WebApplication1.csproj", "{489B3AC3-2920-4709-AA9B-292F58B99D8C}"
EndProject
Global
	GlobalSection(SolutionConfigurationPlatforms) = preSolution
		Debug_Ubuntu|Any CPU = Debug_Ubuntu|Any CPU
		Debug_Ubuntu|x86 = Debug_Ubuntu|x86
		Debug|Any CPU = Debug|Any CPU
		Debug|x86 = Debug|x86
		Release_Ubuntu|Any CPU = Release_Ubuntu|Any CPU
		Release_Ubuntu|x86 = Release_Ubuntu|x86
		Release|Any CPU = Release|Any CPU
		Release|x86 = Release|x86
	EndGlobalSection
	GlobalSection(ProjectConfigurationPlatforms) = postSolution
		{2B87E8DA-DAC3-4621-81C5-998D7A2B976A}.Debug_Ubuntu|Any CPU.ActiveCfg = Debug|Any CPU
		{2B87E8DA-DAC3-4621-81C5-998D7A2B976A}.Debug_Ubuntu|Any CPU.Build.0 = Debug|Any CPU
		{2B87E8DA-DAC3-4621-81C5-998D7A2B976A}.Debug_Ubuntu|x86.ActiveCfg = Debug|Any CPU
		{2B87E8DA-DAC3-4621-81C5-998D7A2B976A}.Debug_Ubuntu|x86.Build.0 = Debug|Any CPU
		{2B87E8DA-DAC3-4621-81C5-998D7A2B976A}.Debug|Any CPU.ActiveCfg = Debug|Any CPU
		{2B87E8DA-DAC3-4621-81C5-998D7A2B976A}.Debug|Any CPU.Build.0 = Debug|Any CPU
		{2B87E8DA-DAC3-4621-81C5-998D7A2B976A}.Debug|x86.ActiveCfg = Debug|Any CPU
		{2B87E8DA-DAC3-4621-81C5-998D7A2B976A}.Debug|x86.Build.0 = Debug|Any CPU
		{2B87E8DA-DAC3-4621-81C5-998D7A2B976A}.Release_Ubuntu|Any CPU.ActiveCfg = Release|Any CPU
		{2B87E8DA-DAC3-4621-81C5-998D7A2B976A}.Release_Ubuntu|Any CPU.Build.0 = Release|Any CPU
		{2B87E8DA-DAC3-4621-81C5-998D7A2B976A}.Release_Ubuntu|x86.ActiveCfg = Release|Any CPU
		{2B87E8DA-DAC3-4621-81C5-998D7A2B976A}.Release_Ubuntu|x86.Build.0 = Release|Any CPU
		{2B87E8DA-DAC3-4621-81C5-998D7A2B976A}.Release|Any CPU.ActiveCfg = Release|Any CPU
		{2B87E8DA-DAC3-4621-81C5-998D7A2B976A}.Release|Any CPU.Build.0 = Release|Any CPU
		{2B87E8DA-DAC3-4621-81C5-998D7A2B976A}.Release|x86.ActiveCfg = Release|Any CPU
		{2B87E8DA-DAC3-4621-81C5-998D7A2B976A}.Release|x86.Build.0 = Release|Any CPU
		{F4075B02-A066-496C-A81F-E468E825ECD3}.Debug_Ubuntu|Any CPU.ActiveCfg = Debug|Any CPU
		{F4075B02-A066-496C-A81F-E468E825ECD3}.Debug_Ubuntu|Any CPU.Build.0 = Debug|Any CPU
		{F4075B02-A066-496C-A81F-E468E825ECD3}.Debug_Ubuntu|x86.ActiveCfg = Debug|Any CPU
		{F4075B02-A066-496C-A81F-E468E825ECD3}.Debug_Ubuntu|x86.Build.0 = Debug|Any CPU
		{F4075B02-A066-496C-A81F-E468E825ECD3}.Debug|Any CPU.ActiveCfg = Debug|Any CPU
		{F4075B02-A066-496C-A81F-E468E825ECD3}.Debug|Any CPU.Build.0 = Debug|Any CPU
		{F4075B02-A066-496C-A81F-E468E825ECD3}.Debug|x86.ActiveCfg = Debug|Any CPU
		{F4075B02-A066-496C-A81F-E468E825ECD3}.Debug|x86.Build.0 = Debug|Any CPU
		{F4075B02-A066-496C-A81F-E468E825ECD3}.Release_Ubuntu|Any CPU.ActiveCfg = Release|Any CPU
		{F4075B02-A066-496C-A81F-E468E825ECD3}.Release_Ubuntu|Any CPU.Build.0 = Release|Any CPU
		{F4075B02-A066-496C-A81F-E468E825ECD3}.Release_Ubuntu|x86.ActiveCfg = Release|Any CPU
		{F4075B02-A066-496C-A81F-E468E825ECD3}.Release_Ubuntu|x86.Build.0 = Release|Any CPU
		{F4075B02-A066-496C-A81F-E468E825ECD3}.Release|Any CPU.ActiveCfg = Release|Any CPU
		{F4075B02-A066-496C-A81F-E468E825ECD3}.Release|Any CPU.Build.0 = Release|Any CPU
		{F4075B02-A066-496C-A81F-E468E825ECD3}.Release|x86.ActiveCfg = Release|Any CPU
		{F4075B02-A066-496C-A81F-E468E825ECD3}.Release|x86.Build.0 = Release|Any CPU
		{F8FA5E6F-961A-4E85-A960-7C9B94A1D248}.Debug_Ubuntu|Any CPU.ActiveCfg = Debug|Any CPU
		{F8FA5E6F-961A-4E85-A960-7C9B94A1D248}.Debug_Ubuntu|Any CPU.Build.0 = Debug|Any CPU
		{F8FA5E6F-961A-4E85-A960-7C9B94A1D248}.Debug_Ubuntu|x86.ActiveCfg = Debug|Any CPU
		{F8FA5E6F-961A-4E85-A960-7C9B94A1D248}.Debug_Ubuntu|x86.Build.0 = Debug|Any CPU
		{F8FA5E6F-961A-4E85-A960-7C9B94A1D248}.Debug|Any CPU.ActiveCfg = Debug|Any CPU
		{F8FA5E6F-961A-4E85-A960-7C9B94A1D248}.Debug|Any CPU.Build.0 = Debug|Any CPU
		{F8FA5E6F-961A-4E85-A960-7C9B94A1D248}.Debug|x86.ActiveCfg = Debug|Any CPU
		{F8FA5E6F-961A-4E85-A960-7C9B94A1D248}.Debug|x86.Build.0 = Debug|Any CPU
		{F8FA5E6F-961A-4E85-A960-7C9B94A1D248}.Release_Ubuntu|Any CPU.ActiveCfg = Release|Any CPU
		{F8FA5E6F-961A-4E85-A960-7C9B94A1D248}.Release_Ubuntu|Any CPU.Build.0 = Release|Any CPU
		{F8FA5E6F-961A-4E85-A960-7C9B94A1D248}.Release_Ubuntu|x86.ActiveCfg = Release|Any CPU
		{F8FA5E6F-961A-4E85-A960-7C9B94A1D248}.Release_Ubuntu|x86.Build.0 = Release|Any CPU
		{F8FA5E6F-961A-4E85-A960-7C9B94A1D248}.Release|Any CPU.ActiveCfg = Release|Any CPU
		{F8FA5E6F-961A-4E85-A960-7C9B94A1D248}.Release|Any CPU.Build.0 = Release|Any CPU
		{F8FA5E6F-961A-4E85-A960-7C9B94A1D248}.Release|x86.ActiveCfg = Release|Any CPU
		{F8FA5E6F-961A-4E85-A960-7C9B94A1D248}.Release|x86.Build.0 = Release|Any CPU
		{BC5C806A-BF54-46C8-824D-B445014A9866}.Debug_Ubuntu|Any CPU.ActiveCfg = Debug|Any CPU
		{BC5C806A-BF54-46C8-824D-B445014A9866}.Debug_Ubuntu|Any CPU.Build.0 = Debug|Any CPU
		{BC5C806A-BF54-46C8-824D-B445014A9866}.Debug_Ubuntu|x86.ActiveCfg = Debug|Any CPU
		{BC5C806A-BF54-46C8-824D-B445014A9866}.Debug_Ubuntu|x86.Build.0 = Debug|Any CPU
		{BC5C806A-BF54-46C8-824D-B445014A9866}.Debug|Any CPU.ActiveCfg = Debug|Any CPU
		{BC5C806A-BF54-46C8-824D-B445014A9866}.Debug|Any CPU.Build.0 = Debug|Any CPU
		{BC5C806A-BF54-46C8-824D-B445014A9866}.Debug|x86.ActiveCfg = Debug|Any CPU
		{BC5C806A-BF54-46C8-824D-B445014A9866}.Debug|x86.Build.0 = Debug|Any CPU
		{BC5C806A-BF54-46C8-824D-B445014A9866}.Release_Ubuntu|Any CPU.ActiveCfg = Release|Any CPU
		{BC5C806A-BF54-46C8-824D-B445014A9866}.Release_Ubuntu|Any CPU.Build.0 = Release|Any CPU
		{BC5C806A-BF54-46C8-824D-B445014A9866}.Release_Ubuntu|x86.ActiveCfg = Release|Any CPU
		{BC5C806A-BF54-46C8-824D-B445014A9866}.Release_Ubuntu|x86.Build.0 = Release|Any CPU
		{BC5C806A-BF54-46C8-824D-B445014A9866}.Release|Any CPU.ActiveCfg = Release|Any CPU
		{BC5C806A-BF54-46C8-824D-B445014A9866}.Release|Any CPU.Build.0 = Release|Any CPU
		{BC5C806A-BF54-46C8-824D-B445014A9866}.Release|x86.ActiveCfg = Release|Any CPU
		{BC5C806A-BF54-46C8-824D-B445014A9866}.Release|x86.Build.0 = Release|Any CPU
		{02F9B82B-7E52-4945-9E21-9DABB061A1BF}.Debug_Ubuntu|Any CPU.ActiveCfg = Debug|Any CPU
		{02F9B82B-7E52-4945-9E21-9DABB061A1BF}.Debug_Ubuntu|Any CPU.Build.0 = Debug|Any CPU
		{02F9B82B-7E52-4945-9E21-9DABB061A1BF}.Debug_Ubuntu|x86.ActiveCfg = Debug|Any CPU
		{02F9B82B-7E52-4945-9E21-9DABB061A1BF}.Debug_Ubuntu|x86.Build.0 = Debug|Any CPU
		{02F9B82B-7E52-4945-9E21-9DABB061A1BF}.Debug|Any CPU.ActiveCfg = Debug|Any CPU
		{02F9B82B-7E52-4945-9E21-9DABB061A1BF}.Debug|Any CPU.Build.0 = Debug|Any CPU
		{02F9B82B-7E52-4945-9E21-9DABB061A1BF}.Debug|x86.ActiveCfg = Debug|Any CPU
		{02F9B82B-7E52-4945-9E21-9DABB061A1BF}.Debug|x86.Build.0 = Debug|Any CPU
		{02F9B82B-7E52-4945-9E21-9DABB061A1BF}.Release_Ubuntu|Any CPU.ActiveCfg = Release|Any CPU
		{02F9B82B-7E52-4945-9E21-9DABB061A1BF}.Release_Ubuntu|Any CPU.Build.0 = Release|Any CPU
		{02F9B82B-7E52-4945-9E21-9DABB061A1BF}.Release_Ubuntu|x86.ActiveCfg = Release|Any CPU
		{02F9B82B-7E52-4945-9E21-9DABB061A1BF}.Release_Ubuntu|x86.Build.0 = Release|Any CPU
		{02F9B82B-7E52-4945-9E21-9DABB061A1BF}.Release|Any CPU.ActiveCfg = Release|Any CPU
		{02F9B82B-7E52-4945-9E21-9DABB061A1BF}.Release|Any CPU.Build.0 = Release|Any CPU
		{02F9B82B-7E52-4945-9E21-9DABB061A1BF}.Release|x86.ActiveCfg = Release|Any CPU
		{02F9B82B-7E52-4945-9E21-9DABB061A1BF}.Release|x86.Build.0 = Release|Any CPU
		{4F2ACBC1-2C20-4C4A-A8BE-62A7F81DEA92}.Debug_Ubuntu|Any CPU.ActiveCfg = Debug|Any CPU
		{4F2ACBC1-2C20-4C4A-A8BE-62A7F81DEA92}.Debug_Ubuntu|Any CPU.Build.0 = Debug|Any CPU
		{4F2ACBC1-2C20-4C4A-A8BE-62A7F81DEA92}.Debug_Ubuntu|x86.ActiveCfg = Debug|Any CPU
		{4F2ACBC1-2C20-4C4A-A8BE-62A7F81DEA92}.Debug_Ubuntu|x86.Build.0 = Debug|Any CPU
		{4F2ACBC1-2C20-4C4A-A8BE-62A7F81DEA92}.Debug|Any CPU.ActiveCfg = Debug|Any CPU
		{4F2ACBC1-2C20-4C4A-A8BE-62A7F81DEA92}.Debug|Any CPU.Build.0 = Debug|Any CPU
		{4F2ACBC1-2C20-4C4A-A8BE-62A7F81DEA92}.Debug|x86.ActiveCfg = Debug|Any CPU
		{4F2ACBC1-2C20-4C4A-A8BE-62A7F81DEA92}.Debug|x86.Build.0 = Debug|Any CPU
		{4F2ACBC1-2C20-4C4A-A8BE-62A7F81DEA92}.Release_Ubuntu|Any CPU.ActiveCfg = Release|Any CPU
		{4F2ACBC1-2C20-4C4A-A8BE-62A7F81DEA92}.Release_Ubuntu|Any CPU.Build.0 = Release|Any CPU
		{4F2ACBC1-2C20-4C4A-A8BE-62A7F81DEA92}.Release_Ubuntu|x86.ActiveCfg = Release|Any CPU
		{4F2ACBC1-2C20-4C4A-A8BE-62A7F81DEA92}.Release_Ubuntu|x86.Build.0 = Release|Any CPU
		{4F2ACBC1-2C20-4C4A-A8BE-62A7F81DEA92}.Release|Any CPU.ActiveCfg = Release|Any CPU
		{4F2ACBC1-2C20-4C4A-A8BE-62A7F81DEA92}.Release|Any CPU.Build.0 = Release|Any CPU
		{4F2ACBC1-2C20-4C4A-A8BE-62A7F81DEA92}.Release|x86.ActiveCfg = Release|Any CPU
		{4F2ACBC1-2C20-4C4A-A8BE-62A7F81DEA92}.Release|x86.Build.0 = Release|Any CPU
		{D49E752F-1F35-4EF1-B99B-5D5872A7807A}.Debug_Ubuntu|Any CPU.ActiveCfg = Debug|Any CPU
		{D49E752F-1F35-4EF1-B99B-5D5872A7807A}.Debug_Ubuntu|Any CPU.Build.0 = Debug|Any CPU
		{D49E752F-1F35-4EF1-B99B-5D5872A7807A}.Debug_Ubuntu|x86.ActiveCfg = Debug|Any CPU
		{D49E752F-1F35-4EF1-B99B-5D5872A7807A}.Debug_Ubuntu|x86.Build.0 = Debug|Any CPU
		{D49E752F-1F35-4EF1-B99B-5D5872A7807A}.Debug|Any CPU.ActiveCfg = Debug|Any CPU
		{D49E752F-1F35-4EF1-B99B-5D5872A7807A}.Debug|Any CPU.Build.0 = Debug|Any CPU
		{D49E752F-1F35-4EF1-B99B-5D5872A7807A}.Debug|x86.ActiveCfg = Debug|Any CPU
		{D49E752F-1F35-4EF1-B99B-5D5872A7807A}.Debug|x86.Build.0 = Debug|Any CPU
		{D49E752F-1F35-4EF1-B99B-5D5872A7807A}.Release_Ubuntu|Any CPU.ActiveCfg = Release|Any CPU
		{D49E752F-1F35-4EF1-B99B-5D5872A7807A}.Release_Ubuntu|Any CPU.Build.0 = Release|Any CPU
		{D49E752F-1F35-4EF1-B99B-5D5872A7807A}.Release_Ubuntu|x86.ActiveCfg = Release|Any CPU
		{D49E752F-1F35-4EF1-B99B-5D5872A7807A}.Release_Ubuntu|x86.Build.0 = Release|Any CPU
		{D49E752F-1F35-4EF1-B99B-5D5872A7807A}.Release|Any CPU.ActiveCfg = Release|Any CPU
		{D49E752F-1F35-4EF1-B99B-5D5872A7807A}.Release|Any CPU.Build.0 = Release|Any CPU
		{D49E752F-1F35-4EF1-B99B-5D5872A7807A}.Release|x86.ActiveCfg = Release|Any CPU
		{D49E752F-1F35-4EF1-B99B-5D5872A7807A}.Release|x86.Build.0 = Release|Any CPU
		{DB737A14-2883-4F47-B9C9-DD97BA1989CB}.Debug_Ubuntu|Any CPU.ActiveCfg = Debug|Any CPU
		{DB737A14-2883-4F47-B9C9-DD97BA1989CB}.Debug_Ubuntu|Any CPU.Build.0 = Debug|Any CPU
		{DB737A14-2883-4F47-B9C9-DD97BA1989CB}.Debug_Ubuntu|x86.ActiveCfg = Debug|Any CPU
		{DB737A14-2883-4F47-B9C9-DD97BA1989CB}.Debug_Ubuntu|x86.Build.0 = Debug|Any CPU
		{DB737A14-2883-4F47-B9C9-DD97BA1989CB}.Debug|Any CPU.ActiveCfg = Debug|Any CPU
		{DB737A14-2883-4F47-B9C9-DD97BA1989CB}.Debug|Any CPU.Build.0 = Debug|Any CPU
		{DB737A14-2883-4F47-B9C9-DD97BA1989CB}.Debug|x86.ActiveCfg = Debug|Any CPU
		{DB737A14-2883-4F47-B9C9-DD97BA1989CB}.Debug|x86.Build.0 = Debug|Any CPU
		{DB737A14-2883-4F47-B9C9-DD97BA1989CB}.Release_Ubuntu|Any CPU.ActiveCfg = Release|Any CPU
		{DB737A14-2883-4F47-B9C9-DD97BA1989CB}.Release_Ubuntu|Any CPU.Build.0 = Release|Any CPU
		{DB737A14-2883-4F47-B9C9-DD97BA1989CB}.Release_Ubuntu|x86.ActiveCfg = Release|Any CPU
		{DB737A14-2883-4F47-B9C9-DD97BA1989CB}.Release_Ubuntu|x86.Build.0 = Release|Any CPU
		{DB737A14-2883-4F47-B9C9-DD97BA1989CB}.Release|Any CPU.ActiveCfg = Release|Any CPU
		{DB737A14-2883-4F47-B9C9-DD97BA1989CB}.Release|Any CPU.Build.0 = Release|Any CPU
		{DB737A14-2883-4F47-B9C9-DD97BA1989CB}.Release|x86.ActiveCfg = Release|Any CPU
		{DB737A14-2883-4F47-B9C9-DD97BA1989CB}.Release|x86.Build.0 = Release|Any CPU
		{AFCA370E-075C-41D5-9F85-6D0802F6D321}.Debug_Ubuntu|Any CPU.ActiveCfg = Debug|Any CPU
		{AFCA370E-075C-41D5-9F85-6D0802F6D321}.Debug_Ubuntu|Any CPU.Build.0 = Debug|Any CPU
		{AFCA370E-075C-41D5-9F85-6D0802F6D321}.Debug_Ubuntu|x86.ActiveCfg = Debug|Any CPU
		{AFCA370E-075C-41D5-9F85-6D0802F6D321}.Debug_Ubuntu|x86.Build.0 = Debug|Any CPU
		{AFCA370E-075C-41D5-9F85-6D0802F6D321}.Debug|Any CPU.ActiveCfg = Debug|Any CPU
		{AFCA370E-075C-41D5-9F85-6D0802F6D321}.Debug|Any CPU.Build.0 = Debug|Any CPU
		{AFCA370E-075C-41D5-9F85-6D0802F6D321}.Debug|x86.ActiveCfg = Debug|Any CPU
		{AFCA370E-075C-41D5-9F85-6D0802F6D321}.Debug|x86.Build.0 = Debug|Any CPU
		{AFCA370E-075C-41D5-9F85-6D0802F6D321}.Release_Ubuntu|Any CPU.ActiveCfg = Release|Any CPU
		{AFCA370E-075C-41D5-9F85-6D0802F6D321}.Release_Ubuntu|Any CPU.Build.0 = Release|Any CPU
		{AFCA370E-075C-41D5-9F85-6D0802F6D321}.Release_Ubuntu|x86.ActiveCfg = Release|Any CPU
		{AFCA370E-075C-41D5-9F85-6D0802F6D321}.Release_Ubuntu|x86.Build.0 = Release|Any CPU
		{AFCA370E-075C-41D5-9F85-6D0802F6D321}.Release|Any CPU.ActiveCfg = Release|Any CPU
		{AFCA370E-075C-41D5-9F85-6D0802F6D321}.Release|Any CPU.Build.0 = Release|Any CPU
		{AFCA370E-075C-41D5-9F85-6D0802F6D321}.Release|x86.ActiveCfg = Release|Any CPU
		{AFCA370E-075C-41D5-9F85-6D0802F6D321}.Release|x86.Build.0 = Release|Any CPU
		{D0428323-F261-4590-8F8A-4482790A34CE}.Debug_Ubuntu|Any CPU.ActiveCfg = Debug|Any CPU
		{D0428323-F261-4590-8F8A-4482790A34CE}.Debug_Ubuntu|Any CPU.Build.0 = Debug|Any CPU
		{D0428323-F261-4590-8F8A-4482790A34CE}.Debug_Ubuntu|x86.ActiveCfg = Debug|Any CPU
		{D0428323-F261-4590-8F8A-4482790A34CE}.Debug_Ubuntu|x86.Build.0 = Debug|Any CPU
		{D0428323-F261-4590-8F8A-4482790A34CE}.Debug|Any CPU.ActiveCfg = Debug|Any CPU
		{D0428323-F261-4590-8F8A-4482790A34CE}.Debug|Any CPU.Build.0 = Debug|Any CPU
		{D0428323-F261-4590-8F8A-4482790A34CE}.Debug|x86.ActiveCfg = Debug|Any CPU
		{D0428323-F261-4590-8F8A-4482790A34CE}.Debug|x86.Build.0 = Debug|Any CPU
		{D0428323-F261-4590-8F8A-4482790A34CE}.Release_Ubuntu|Any CPU.ActiveCfg = Release|Any CPU
		{D0428323-F261-4590-8F8A-4482790A34CE}.Release_Ubuntu|Any CPU.Build.0 = Release|Any CPU
		{D0428323-F261-4590-8F8A-4482790A34CE}.Release_Ubuntu|x86.ActiveCfg = Release|Any CPU
		{D0428323-F261-4590-8F8A-4482790A34CE}.Release_Ubuntu|x86.Build.0 = Release|Any CPU
		{D0428323-F261-4590-8F8A-4482790A34CE}.Release|Any CPU.ActiveCfg = Release|Any CPU
		{D0428323-F261-4590-8F8A-4482790A34CE}.Release|Any CPU.Build.0 = Release|Any CPU
		{D0428323-F261-4590-8F8A-4482790A34CE}.Release|x86.ActiveCfg = Release|Any CPU
		{D0428323-F261-4590-8F8A-4482790A34CE}.Release|x86.Build.0 = Release|Any CPU
		{B77C3FB5-9ECB-4414-BF62-3EE646E27045}.Debug_Ubuntu|Any CPU.ActiveCfg = Debug|Any CPU
		{B77C3FB5-9ECB-4414-BF62-3EE646E27045}.Debug_Ubuntu|Any CPU.Build.0 = Debug|Any CPU
		{B77C3FB5-9ECB-4414-BF62-3EE646E27045}.Debug_Ubuntu|x86.ActiveCfg = Debug|Any CPU
		{B77C3FB5-9ECB-4414-BF62-3EE646E27045}.Debug_Ubuntu|x86.Build.0 = Debug|Any CPU
		{B77C3FB5-9ECB-4414-BF62-3EE646E27045}.Debug|Any CPU.ActiveCfg = Debug|Any CPU
		{B77C3FB5-9ECB-4414-BF62-3EE646E27045}.Debug|Any CPU.Build.0 = Debug|Any CPU
		{B77C3FB5-9ECB-4414-BF62-3EE646E27045}.Debug|x86.ActiveCfg = Debug|Any CPU
		{B77C3FB5-9ECB-4414-BF62-3EE646E27045}.Debug|x86.Build.0 = Debug|Any CPU
		{B77C3FB5-9ECB-4414-BF62-3EE646E27045}.Release_Ubuntu|Any CPU.ActiveCfg = Release|Any CPU
		{B77C3FB5-9ECB-4414-BF62-3EE646E27045}.Release_Ubuntu|Any CPU.Build.0 = Release|Any CPU
		{B77C3FB5-9ECB-4414-BF62-3EE646E27045}.Release_Ubuntu|x86.ActiveCfg = Release|Any CPU
		{B77C3FB5-9ECB-4414-BF62-3EE646E27045}.Release_Ubuntu|x86.Build.0 = Release|Any CPU
		{B77C3FB5-9ECB-4414-BF62-3EE646E27045}.Release|Any CPU.ActiveCfg = Release|Any CPU
		{B77C3FB5-9ECB-4414-BF62-3EE646E27045}.Release|Any CPU.Build.0 = Release|Any CPU
		{B77C3FB5-9ECB-4414-BF62-3EE646E27045}.Release|x86.ActiveCfg = Release|Any CPU
		{B77C3FB5-9ECB-4414-BF62-3EE646E27045}.Release|x86.Build.0 = Release|Any CPU
		{489B3AC3-2920-4709-AA9B-292F58B99D8C}.Debug_Ubuntu|Any CPU.ActiveCfg = Debug|Any CPU
		{489B3AC3-2920-4709-AA9B-292F58B99D8C}.Debug_Ubuntu|Any CPU.Build.0 = Debug|Any CPU
		{489B3AC3-2920-4709-AA9B-292F58B99D8C}.Debug_Ubuntu|x86.ActiveCfg = Debug|Any CPU
		{489B3AC3-2920-4709-AA9B-292F58B99D8C}.Debug_Ubuntu|x86.Build.0 = Debug|Any CPU
		{489B3AC3-2920-4709-AA9B-292F58B99D8C}.Debug|Any CPU.ActiveCfg = Debug|Any CPU
		{489B3AC3-2920-4709-AA9B-292F58B99D8C}.Debug|Any CPU.Build.0 = Debug|Any CPU
		{489B3AC3-2920-4709-AA9B-292F58B99D8C}.Debug|x86.ActiveCfg = Debug|Any CPU
		{489B3AC3-2920-4709-AA9B-292F58B99D8C}.Debug|x86.Build.0 = Debug|Any CPU
		{489B3AC3-2920-4709-AA9B-292F58B99D8C}.Release_Ubuntu|Any CPU.ActiveCfg = Release|Any CPU
		{489B3AC3-2920-4709-AA9B-292F58B99D8C}.Release_Ubuntu|Any CPU.Build.0 = Release|Any CPU
		{489B3AC3-2920-4709-AA9B-292F58B99D8C}.Release_Ubuntu|x86.ActiveCfg = Release|Any CPU
		{489B3AC3-2920-4709-AA9B-292F58B99D8C}.Release_Ubuntu|x86.Build.0 = Release|Any CPU
		{489B3AC3-2920-4709-AA9B-292F58B99D8C}.Release|Any CPU.ActiveCfg = Release|Any CPU
		{489B3AC3-2920-4709-AA9B-292F58B99D8C}.Release|Any CPU.Build.0 = Release|Any CPU
		{489B3AC3-2920-4709-AA9B-292F58B99D8C}.Release|x86.ActiveCfg = Release|Any CPU
		{489B3AC3-2920-4709-AA9B-292F58B99D8C}.Release|x86.Build.0 = Release|Any CPU
	EndGlobalSection
	GlobalSection(SolutionProperties) = preSolution
		HideSolutionNode = FALSE
	EndGlobalSection
	GlobalSection(ExtensibilityGlobals) = postSolution
		SolutionGuid = {D75CA165-B2E7-4544-A28F-733026AA2510}
	EndGlobalSection
EndGlobal
