
Microsoft Visual Studio Solution File, Format Version 12.00
# Visual Studio 15
VisualStudioVersion = 15.0.28307.421
MinimumVisualStudioVersion = 10.0.40219.1
Project("{9A19103F-16F7-4668-BE54-9A1E7A4F7556}") = "SoEasyPlatform", "SoEasyPlatform\SoEasyPlatform.csproj", "{F3A5AFCB-16F2-43E1-B7D3-7BC733C05B70}"
EndProject
Project("{9A19103F-16F7-4668-BE54-9A1E7A4F7556}") = "WXQ.BusinessCore", "WXQ.BusinessCore\WXQ.BusinessCore.csproj", "{2B87E8DA-DAC3-4621-81C5-998D7A2B976A}"
EndProject
Project("{9A19103F-16F7-4668-BE54-9A1E7A4F7556}") = "WXQ.Enties", "WXQ.Enties\WXQ.Enties.csproj", "{F4075B02-A066-496C-A81F-E468E825ECD3}"
EndProject
Project("{9A19103F-16F7-4668-BE54-9A1E7A4F7556}") = "WXQ.InOutPutEntites", "WXQ.InOutPutEntites\WXQ.InOutPutEntites.csproj", "{F8FA5E6F-961A-4E85-A960-7C9B94A1D248}"
EndProject
Project("{9A19103F-16F7-4668-BE54-9A1E7A4F7556}") = "SqlSugar", "SqlSugar\SqlSugar.csproj", "{56F91124-50E3-4C68-AF66-E86FE6A006A7}"
EndProject
Project("{00D1A9C2-B5F0-4AF3-8072-F6C62B433612}") = "WXQDB", "WXQDB\WXQDB.sqlproj", "{481B3FC6-6627-4392-829F-7588AB3A1B9E}"
EndProject
Project("{9A19103F-16F7-4668-BE54-9A1E7A4F7556}") = "WebApi", "WebApi\WebApi.csproj", "{BC5C806A-BF54-46C8-824D-B445014A9866}"
EndProject
Project("{FAE04EC0-301F-11D3-BF4B-00C04F79EFBC}") = "Common", "Common\Common.csproj", "{02F9B82B-7E52-4945-9E21-9DABB061A1BF}"
EndProject
Global
	GlobalSection(SolutionConfigurationPlatforms) = preSolution
		Debug|Any CPU = Debug|Any CPU
		Release|Any CPU = Release|Any CPU
	EndGlobalSection
	GlobalSection(ProjectConfigurationPlatforms) = postSolution
		{F3A5AFCB-16F2-43E1-B7D3-7BC733C05B70}.Debug|Any CPU.ActiveCfg = Debug|Any CPU
		{F3A5AFCB-16F2-43E1-B7D3-7BC733C05B70}.Debug|Any CPU.Build.0 = Debug|Any CPU
		{F3A5AFCB-16F2-43E1-B7D3-7BC733C05B70}.Release|Any CPU.ActiveCfg = Release|Any CPU
		{F3A5AFCB-16F2-43E1-B7D3-7BC733C05B70}.Release|Any CPU.Build.0 = Release|Any CPU
		{2B87E8DA-DAC3-4621-81C5-998D7A2B976A}.Debug|Any CPU.ActiveCfg = Debug|Any CPU
		{2B87E8DA-DAC3-4621-81C5-998D7A2B976A}.Debug|Any CPU.Build.0 = Debug|Any CPU
		{2B87E8DA-DAC3-4621-81C5-998D7A2B976A}.Release|Any CPU.ActiveCfg = Release|Any CPU
		{2B87E8DA-DAC3-4621-81C5-998D7A2B976A}.Release|Any CPU.Build.0 = Release|Any CPU
		{F4075B02-A066-496C-A81F-E468E825ECD3}.Debug|Any CPU.ActiveCfg = Debug|Any CPU
		{F4075B02-A066-496C-A81F-E468E825ECD3}.Debug|Any CPU.Build.0 = Debug|Any CPU
		{F4075B02-A066-496C-A81F-E468E825ECD3}.Release|Any CPU.ActiveCfg = Release|Any CPU
		{F4075B02-A066-496C-A81F-E468E825ECD3}.Release|Any CPU.Build.0 = Release|Any CPU
		{F8FA5E6F-961A-4E85-A960-7C9B94A1D248}.Debug|Any CPU.ActiveCfg = Debug|Any CPU
		{F8FA5E6F-961A-4E85-A960-7C9B94A1D248}.Debug|Any CPU.Build.0 = Debug|Any CPU
		{F8FA5E6F-961A-4E85-A960-7C9B94A1D248}.Release|Any CPU.ActiveCfg = Release|Any CPU
		{F8FA5E6F-961A-4E85-A960-7C9B94A1D248}.Release|Any CPU.Build.0 = Release|Any CPU
		{56F91124-50E3-4C68-AF66-E86FE6A006A7}.Debug|Any CPU.ActiveCfg = Debug|Any CPU
		{56F91124-50E3-4C68-AF66-E86FE6A006A7}.Debug|Any CPU.Build.0 = Debug|Any CPU
		{56F91124-50E3-4C68-AF66-E86FE6A006A7}.Release|Any CPU.ActiveCfg = Release|Any CPU
		{56F91124-50E3-4C68-AF66-E86FE6A006A7}.Release|Any CPU.Build.0 = Release|Any CPU
		{481B3FC6-6627-4392-829F-7588AB3A1B9E}.Debug|Any CPU.ActiveCfg = Debug|Any CPU
		{481B3FC6-6627-4392-829F-7588AB3A1B9E}.Debug|Any CPU.Build.0 = Debug|Any CPU
		{481B3FC6-6627-4392-829F-7588AB3A1B9E}.Debug|Any CPU.Deploy.0 = Debug|Any CPU
		{481B3FC6-6627-4392-829F-7588AB3A1B9E}.Release|Any CPU.ActiveCfg = Release|Any CPU
		{481B3FC6-6627-4392-829F-7588AB3A1B9E}.Release|Any CPU.Build.0 = Release|Any CPU
		{481B3FC6-6627-4392-829F-7588AB3A1B9E}.Release|Any CPU.Deploy.0 = Release|Any CPU
		{BC5C806A-BF54-46C8-824D-B445014A9866}.Debug|Any CPU.ActiveCfg = Debug|Any CPU
		{BC5C806A-BF54-46C8-824D-B445014A9866}.Debug|Any CPU.Build.0 = Debug|Any CPU
		{BC5C806A-BF54-46C8-824D-B445014A9866}.Release|Any CPU.ActiveCfg = Release|Any CPU
		{BC5C806A-BF54-46C8-824D-B445014A9866}.Release|Any CPU.Build.0 = Release|Any CPU
		{02F9B82B-7E52-4945-9E21-9DABB061A1BF}.Debug|Any CPU.ActiveCfg = Debug|Any CPU
		{02F9B82B-7E52-4945-9E21-9DABB061A1BF}.Debug|Any CPU.Build.0 = Debug|Any CPU
		{02F9B82B-7E52-4945-9E21-9DABB061A1BF}.Release|Any CPU.ActiveCfg = Release|Any CPU
		{02F9B82B-7E52-4945-9E21-9DABB061A1BF}.Release|Any CPU.Build.0 = Release|Any CPU
	EndGlobalSection
	GlobalSection(SolutionProperties) = preSolution
		HideSolutionNode = FALSE
	EndGlobalSection
	GlobalSection(ExtensibilityGlobals) = postSolution
		SolutionGuid = {D75CA165-B2E7-4544-A28F-733026AA2510}
	EndGlobalSection
EndGlobal
