
Microsoft Visual Studio Solution File, Format Version 12.00
# Visual Studio 15
VisualStudioVersion = 15.0.28307.705
MinimumVisualStudioVersion = 10.0.40219.1
Project("{9A19103F-16F7-4668-BE54-9A1E7A4F7556}") = "WXQ.BusinessCore", "WXQ.BusinessCore\WXQ.BusinessCore.csproj", "{2B87E8DA-DAC3-4621-81C5-998D7A2B976A}"
EndProject
Project("{9A19103F-16F7-4668-BE54-9A1E7A4F7556}") = "WXQ.Enties", "WXQ.Enties\WXQ.Enties.csproj", "{F4075B02-A066-496C-A81F-E468E825ECD3}"
EndProject
Project("{9A19103F-16F7-4668-BE54-9A1E7A4F7556}") = "WXQ.InOutPutEntites", "WXQ.InOutPutEntites\WXQ.InOutPutEntites.csproj", "{F8FA5E6F-961A-4E85-A960-7C9B94A1D248}"
EndProject
Project("{9A19103F-16F7-4668-BE54-9A1E7A4F7556}") = "WebApi", "WebApi\WebApi.csproj", "{BC5C806A-BF54-46C8-824D-B445014A9866}"
EndProject
Project("{9A19103F-16F7-4668-BE54-9A1E7A4F7556}") = "Common", "Common\Common.csproj", "{02F9B82B-7E52-4945-9E21-9DABB061A1BF}"
EndProject
Project("{9A19103F-16F7-4668-BE54-9A1E7A4F7556}") = "WXQCaching", "WXQCaching\WXQCaching.csproj", "{4F2ACBC1-2C20-4C4A-A8BE-62A7F81DEA92}"
EndProject
Project("{9A19103F-16F7-4668-BE54-9A1E7A4F7556}") = "WXQ.WebSocket", "WXQ.WebSocket\WXQ.WebSocket.csproj", "{D49E752F-1F35-4EF1-B99B-5D5872A7807A}"
EndProject
Project("{FAE04EC0-301F-11D3-BF4B-00C04F79EFBC}") = "WebApplication2", "WebApplication2\WebApplication2.csproj", "{20831442-B6E0-4478-A9F7-26157F1CED2D}"
EndProject
Global
	GlobalSection(SolutionConfigurationPlatforms) = preSolution
		Debug_Ubuntu|Any CPU = Debug_Ubuntu|Any CPU
		Debug_Ubuntu|x86 = Debug_Ubuntu|x86
		Debug|Any CPU = Debug|Any CPU
		Debug|x86 = Debug|x86
		Release_Ubuntu|Any CPU = Release_Ubuntu|Any CPU
		Release_Ubuntu|x86 = Release_Ubuntu|x86
		Release|Any CPU = Release|Any CPU
		Release|x86 = Release|x86
	EndGlobalSection
	GlobalSection(ProjectConfigurationPlatforms) = postSolution
		{2B87E8DA-DAC3-4621-81C5-998D7A2B976A}.Debug_Ubuntu|Any CPU.ActiveCfg = Debug|Any CPU
		{2B87E8DA-DAC3-4621-81C5-998D7A2B976A}.Debug_Ubuntu|Any CPU.Build.0 = Debug|Any CPU
		{2B87E8DA-DAC3-4621-81C5-998D7A2B976A}.Debug_Ubuntu|x86.ActiveCfg = Debug|Any CPU
		{2B87E8DA-DAC3-4621-81C5-998D7A2B976A}.Debug_Ubuntu|x86.Build.0 = Debug|Any CPU
		{2B87E8DA-DAC3-4621-81C5-998D7A2B976A}.Debug|Any CPU.ActiveCfg = Debug|Any CPU
		{2B87E8DA-DAC3-4621-81C5-998D7A2B976A}.Debug|Any CPU.Build.0 = Debug|Any CPU
		{2B87E8DA-DAC3-4621-81C5-998D7A2B976A}.Debug|x86.ActiveCfg = Debug|Any CPU
		{2B87E8DA-DAC3-4621-81C5-998D7A2B976A}.Debug|x86.Build.0 = Debug|Any CPU
		{2B87E8DA-DAC3-4621-81C5-998D7A2B976A}.Release_Ubuntu|Any CPU.ActiveCfg = Release|Any CPU
		{2B87E8DA-DAC3-4621-81C5-998D7A2B976A}.Release_Ubuntu|Any CPU.Build.0 = Release|Any CPU
		{2B87E8DA-DAC3-4621-81C5-998D7A2B976A}.Release_Ubuntu|x86.ActiveCfg = Release|Any CPU
		{2B87E8DA-DAC3-4621-81C5-998D7A2B976A}.Release_Ubuntu|x86.Build.0 = Release|Any CPU
		{2B87E8DA-DAC3-4621-81C5-998D7A2B976A}.Release|Any CPU.ActiveCfg = Release|Any CPU
		{2B87E8DA-DAC3-4621-81C5-998D7A2B976A}.Release|Any CPU.Build.0 = Release|Any CPU
		{2B87E8DA-DAC3-4621-81C5-998D7A2B976A}.Release|x86.ActiveCfg = Release|Any CPU
		{2B87E8DA-DAC3-4621-81C5-998D7A2B976A}.Release|x86.Build.0 = Release|Any CPU
		{F4075B02-A066-496C-A81F-E468E825ECD3}.Debug_Ubuntu|Any CPU.ActiveCfg = Debug|Any CPU
		{F4075B02-A066-496C-A81F-E468E825ECD3}.Debug_Ubuntu|Any CPU.Build.0 = Debug|Any CPU
		{F4075B02-A066-496C-A81F-E468E825ECD3}.Debug_Ubuntu|x86.ActiveCfg = Debug|Any CPU
		{F4075B02-A066-496C-A81F-E468E825ECD3}.Debug_Ubuntu|x86.Build.0 = Debug|Any CPU
		{F4075B02-A066-496C-A81F-E468E825ECD3}.Debug|Any CPU.ActiveCfg = Debug|Any CPU
		{F4075B02-A066-496C-A81F-E468E825ECD3}.Debug|Any CPU.Build.0 = Debug|Any CPU
		{F4075B02-A066-496C-A81F-E468E825ECD3}.Debug|x86.ActiveCfg = Debug|Any CPU
		{F4075B02-A066-496C-A81F-E468E825ECD3}.Debug|x86.Build.0 = Debug|Any CPU
		{F4075B02-A066-496C-A81F-E468E825ECD3}.Release_Ubuntu|Any CPU.ActiveCfg = Release|Any CPU
		{F4075B02-A066-496C-A81F-E468E825ECD3}.Release_Ubuntu|Any CPU.Build.0 = Release|Any CPU
		{F4075B02-A066-496C-A81F-E468E825ECD3}.Release_Ubuntu|x86.ActiveCfg = Release|Any CPU
		{F4075B02-A066-496C-A81F-E468E825ECD3}.Release_Ubuntu|x86.Build.0 = Release|Any CPU
		{F4075B02-A066-496C-A81F-E468E825ECD3}.Release|Any CPU.ActiveCfg = Release|Any CPU
		{F4075B02-A066-496C-A81F-E468E825ECD3}.Release|Any CPU.Build.0 = Release|Any CPU
		{F4075B02-A066-496C-A81F-E468E825ECD3}.Release|x86.ActiveCfg = Release|Any CPU
		{F4075B02-A066-496C-A81F-E468E825ECD3}.Release|x86.Build.0 = Release|Any CPU
		{F8FA5E6F-961A-4E85-A960-7C9B94A1D248}.Debug_Ubuntu|Any CPU.ActiveCfg = Debug|Any CPU
		{F8FA5E6F-961A-4E85-A960-7C9B94A1D248}.Debug_Ubuntu|Any CPU.Build.0 = Debug|Any CPU
		{F8FA5E6F-961A-4E85-A960-7C9B94A1D248}.Debug_Ubuntu|x86.ActiveCfg = Debug|Any CPU
		{F8FA5E6F-961A-4E85-A960-7C9B94A1D248}.Debug_Ubuntu|x86.Build.0 = Debug|Any CPU
		{F8FA5E6F-961A-4E85-A960-7C9B94A1D248}.Debug|Any CPU.ActiveCfg = Debug|Any CPU
		{F8FA5E6F-961A-4E85-A960-7C9B94A1D248}.Debug|Any CPU.Build.0 = Debug|Any CPU
		{F8FA5E6F-961A-4E85-A960-7C9B94A1D248}.Debug|x86.ActiveCfg = Debug|Any CPU
		{F8FA5E6F-961A-4E85-A960-7C9B94A1D248}.Debug|x86.Build.0 = Debug|Any CPU
		{F8FA5E6F-961A-4E85-A960-7C9B94A1D248}.Release_Ubuntu|Any CPU.ActiveCfg = Release|Any CPU
		{F8FA5E6F-961A-4E85-A960-7C9B94A1D248}.Release_Ubuntu|Any CPU.Build.0 = Release|Any CPU
		{F8FA5E6F-961A-4E85-A960-7C9B94A1D248}.Release_Ubuntu|x86.ActiveCfg = Release|Any CPU
		{F8FA5E6F-961A-4E85-A960-7C9B94A1D248}.Release_Ubuntu|x86.Build.0 = Release|Any CPU
		{F8FA5E6F-961A-4E85-A960-7C9B94A1D248}.Release|Any CPU.ActiveCfg = Release|Any CPU
		{F8FA5E6F-961A-4E85-A960-7C9B94A1D248}.Release|Any CPU.Build.0 = Release|Any CPU
		{F8FA5E6F-961A-4E85-A960-7C9B94A1D248}.Release|x86.ActiveCfg = Release|Any CPU
		{F8FA5E6F-961A-4E85-A960-7C9B94A1D248}.Release|x86.Build.0 = Release|Any CPU
		{BC5C806A-BF54-46C8-824D-B445014A9866}.Debug_Ubuntu|Any CPU.ActiveCfg = Debug|Any CPU
		{BC5C806A-BF54-46C8-824D-B445014A9866}.Debug_Ubuntu|Any CPU.Build.0 = Debug|Any CPU
		{BC5C806A-BF54-46C8-824D-B445014A9866}.Debug_Ubuntu|x86.ActiveCfg = Debug|Any CPU
		{BC5C806A-BF54-46C8-824D-B445014A9866}.Debug_Ubuntu|x86.Build.0 = Debug|Any CPU
		{BC5C806A-BF54-46C8-824D-B445014A9866}.Debug|Any CPU.ActiveCfg = Debug|Any CPU
		{BC5C806A-BF54-46C8-824D-B445014A9866}.Debug|Any CPU.Build.0 = Debug|Any CPU
		{BC5C806A-BF54-46C8-824D-B445014A9866}.Debug|x86.ActiveCfg = Debug|Any CPU
		{BC5C806A-BF54-46C8-824D-B445014A9866}.Debug|x86.Build.0 = Debug|Any CPU
		{BC5C806A-BF54-46C8-824D-B445014A9866}.Release_Ubuntu|Any CPU.ActiveCfg = Release|Any CPU
		{BC5C806A-BF54-46C8-824D-B445014A9866}.Release_Ubuntu|Any CPU.Build.0 = Release|Any CPU
		{BC5C806A-BF54-46C8-824D-B445014A9866}.Release_Ubuntu|x86.ActiveCfg = Release|Any CPU
		{BC5C806A-BF54-46C8-824D-B445014A9866}.Release_Ubuntu|x86.Build.0 = Release|Any CPU
		{BC5C806A-BF54-46C8-824D-B445014A9866}.Release|Any CPU.ActiveCfg = Release|Any CPU
		{BC5C806A-BF54-46C8-824D-B445014A9866}.Release|Any CPU.Build.0 = Release|Any CPU
		{BC5C806A-BF54-46C8-824D-B445014A9866}.Release|x86.ActiveCfg = Release|Any CPU
		{BC5C806A-BF54-46C8-824D-B445014A9866}.Release|x86.Build.0 = Release|Any CPU
		{02F9B82B-7E52-4945-9E21-9DABB061A1BF}.Debug_Ubuntu|Any CPU.ActiveCfg = Debug|Any CPU
		{02F9B82B-7E52-4945-9E21-9DABB061A1BF}.Debug_Ubuntu|Any CPU.Build.0 = Debug|Any CPU
		{02F9B82B-7E52-4945-9E21-9DABB061A1BF}.Debug_Ubuntu|x86.ActiveCfg = Debug|Any CPU
		{02F9B82B-7E52-4945-9E21-9DABB061A1BF}.Debug_Ubuntu|x86.Build.0 = Debug|Any CPU
		{02F9B82B-7E52-4945-9E21-9DABB061A1BF}.Debug|Any CPU.ActiveCfg = Debug|Any CPU
		{02F9B82B-7E52-4945-9E21-9DABB061A1BF}.Debug|Any CPU.Build.0 = Debug|Any CPU
		{02F9B82B-7E52-4945-9E21-9DABB061A1BF}.Debug|x86.ActiveCfg = Debug|Any CPU
		{02F9B82B-7E52-4945-9E21-9DABB061A1BF}.Debug|x86.Build.0 = Debug|Any CPU
		{02F9B82B-7E52-4945-9E21-9DABB061A1BF}.Release_Ubuntu|Any CPU.ActiveCfg = Release|Any CPU
		{02F9B82B-7E52-4945-9E21-9DABB061A1BF}.Release_Ubuntu|Any CPU.Build.0 = Release|Any CPU
		{02F9B82B-7E52-4945-9E21-9DABB061A1BF}.Release_Ubuntu|x86.ActiveCfg = Release|Any CPU
		{02F9B82B-7E52-4945-9E21-9DABB061A1BF}.Release_Ubuntu|x86.Build.0 = Release|Any CPU
		{02F9B82B-7E52-4945-9E21-9DABB061A1BF}.Release|Any CPU.ActiveCfg = Release|Any CPU
		{02F9B82B-7E52-4945-9E21-9DABB061A1BF}.Release|Any CPU.Build.0 = Release|Any CPU
		{02F9B82B-7E52-4945-9E21-9DABB061A1BF}.Release|x86.ActiveCfg = Release|Any CPU
		{02F9B82B-7E52-4945-9E21-9DABB061A1BF}.Release|x86.Build.0 = Release|Any CPU
		{4F2ACBC1-2C20-4C4A-A8BE-62A7F81DEA92}.Debug_Ubuntu|Any CPU.ActiveCfg = Debug|Any CPU
		{4F2ACBC1-2C20-4C4A-A8BE-62A7F81DEA92}.Debug_Ubuntu|Any CPU.Build.0 = Debug|Any CPU
		{4F2ACBC1-2C20-4C4A-A8BE-62A7F81DEA92}.Debug_Ubuntu|x86.ActiveCfg = Debug|Any CPU
		{4F2ACBC1-2C20-4C4A-A8BE-62A7F81DEA92}.Debug_Ubuntu|x86.Build.0 = Debug|Any CPU
		{4F2ACBC1-2C20-4C4A-A8BE-62A7F81DEA92}.Debug|Any CPU.ActiveCfg = Debug|Any CPU
		{4F2ACBC1-2C20-4C4A-A8BE-62A7F81DEA92}.Debug|Any CPU.Build.0 = Debug|Any CPU
		{4F2ACBC1-2C20-4C4A-A8BE-62A7F81DEA92}.Debug|x86.ActiveCfg = Debug|Any CPU
		{4F2ACBC1-2C20-4C4A-A8BE-62A7F81DEA92}.Debug|x86.Build.0 = Debug|Any CPU
		{4F2ACBC1-2C20-4C4A-A8BE-62A7F81DEA92}.Release_Ubuntu|Any CPU.ActiveCfg = Release|Any CPU
		{4F2ACBC1-2C20-4C4A-A8BE-62A7F81DEA92}.Release_Ubuntu|Any CPU.Build.0 = Release|Any CPU
		{4F2ACBC1-2C20-4C4A-A8BE-62A7F81DEA92}.Release_Ubuntu|x86.ActiveCfg = Release|Any CPU
		{4F2ACBC1-2C20-4C4A-A8BE-62A7F81DEA92}.Release_Ubuntu|x86.Build.0 = Release|Any CPU
		{4F2ACBC1-2C20-4C4A-A8BE-62A7F81DEA92}.Release|Any CPU.ActiveCfg = Release|Any CPU
		{4F2ACBC1-2C20-4C4A-A8BE-62A7F81DEA92}.Release|Any CPU.Build.0 = Release|Any CPU
		{4F2ACBC1-2C20-4C4A-A8BE-62A7F81DEA92}.Release|x86.ActiveCfg = Release|Any CPU
		{4F2ACBC1-2C20-4C4A-A8BE-62A7F81DEA92}.Release|x86.Build.0 = Release|Any CPU
		{D49E752F-1F35-4EF1-B99B-5D5872A7807A}.Debug_Ubuntu|Any CPU.ActiveCfg = Debug|Any CPU
		{D49E752F-1F35-4EF1-B99B-5D5872A7807A}.Debug_Ubuntu|Any CPU.Build.0 = Debug|Any CPU
		{D49E752F-1F35-4EF1-B99B-5D5872A7807A}.Debug_Ubuntu|x86.ActiveCfg = Debug|Any CPU
		{D49E752F-1F35-4EF1-B99B-5D5872A7807A}.Debug_Ubuntu|x86.Build.0 = Debug|Any CPU
		{D49E752F-1F35-4EF1-B99B-5D5872A7807A}.Debug|Any CPU.ActiveCfg = Debug|Any CPU
		{D49E752F-1F35-4EF1-B99B-5D5872A7807A}.Debug|Any CPU.Build.0 = Debug|Any CPU
		{D49E752F-1F35-4EF1-B99B-5D5872A7807A}.Debug|x86.ActiveCfg = Debug|Any CPU
		{D49E752F-1F35-4EF1-B99B-5D5872A7807A}.Debug|x86.Build.0 = Debug|Any CPU
		{D49E752F-1F35-4EF1-B99B-5D5872A7807A}.Release_Ubuntu|Any CPU.ActiveCfg = Release|Any CPU
		{D49E752F-1F35-4EF1-B99B-5D5872A7807A}.Release_Ubuntu|Any CPU.Build.0 = Release|Any CPU
		{D49E752F-1F35-4EF1-B99B-5D5872A7807A}.Release_Ubuntu|x86.ActiveCfg = Release|Any CPU
		{D49E752F-1F35-4EF1-B99B-5D5872A7807A}.Release_Ubuntu|x86.Build.0 = Release|Any CPU
		{D49E752F-1F35-4EF1-B99B-5D5872A7807A}.Release|Any CPU.ActiveCfg = Release|Any CPU
		{D49E752F-1F35-4EF1-B99B-5D5872A7807A}.Release|Any CPU.Build.0 = Release|Any CPU
		{D49E752F-1F35-4EF1-B99B-5D5872A7807A}.Release|x86.ActiveCfg = Release|Any CPU
		{D49E752F-1F35-4EF1-B99B-5D5872A7807A}.Release|x86.Build.0 = Release|Any CPU
		{20831442-B6E0-4478-A9F7-26157F1CED2D}.Debug_Ubuntu|Any CPU.ActiveCfg = Debug|Any CPU
		{20831442-B6E0-4478-A9F7-26157F1CED2D}.Debug_Ubuntu|Any CPU.Build.0 = Debug|Any CPU
		{20831442-B6E0-4478-A9F7-26157F1CED2D}.Debug_Ubuntu|x86.ActiveCfg = Debug|Any CPU
		{20831442-B6E0-4478-A9F7-26157F1CED2D}.Debug_Ubuntu|x86.Build.0 = Debug|Any CPU
		{20831442-B6E0-4478-A9F7-26157F1CED2D}.Debug|Any CPU.ActiveCfg = Debug|Any CPU
		{20831442-B6E0-4478-A9F7-26157F1CED2D}.Debug|Any CPU.Build.0 = Debug|Any CPU
		{20831442-B6E0-4478-A9F7-26157F1CED2D}.Debug|x86.ActiveCfg = Debug|Any CPU
		{20831442-B6E0-4478-A9F7-26157F1CED2D}.Debug|x86.Build.0 = Debug|Any CPU
		{20831442-B6E0-4478-A9F7-26157F1CED2D}.Release_Ubuntu|Any CPU.ActiveCfg = Release|Any CPU
		{20831442-B6E0-4478-A9F7-26157F1CED2D}.Release_Ubuntu|Any CPU.Build.0 = Release|Any CPU
		{20831442-B6E0-4478-A9F7-26157F1CED2D}.Release_Ubuntu|x86.ActiveCfg = Release|Any CPU
		{20831442-B6E0-4478-A9F7-26157F1CED2D}.Release_Ubuntu|x86.Build.0 = Release|Any CPU
		{20831442-B6E0-4478-A9F7-26157F1CED2D}.Release|Any CPU.ActiveCfg = Release|Any CPU
		{20831442-B6E0-4478-A9F7-26157F1CED2D}.Release|Any CPU.Build.0 = Release|Any CPU
		{20831442-B6E0-4478-A9F7-26157F1CED2D}.Release|x86.ActiveCfg = Release|Any CPU
		{20831442-B6E0-4478-A9F7-26157F1CED2D}.Release|x86.Build.0 = Release|Any CPU
	EndGlobalSection
	GlobalSection(SolutionProperties) = preSolution
		HideSolutionNode = FALSE
	EndGlobalSection
	GlobalSection(ExtensibilityGlobals) = postSolution
		SolutionGuid = {D75CA165-B2E7-4544-A28F-733026AA2510}
	EndGlobalSection
EndGlobal
